
Microsoft Visual Studio Solution File, Format Version 12.00
# Visual Studio 15
VisualStudioVersion = 15.0.26228.16
MinimumVisualStudioVersion = 10.0.40219.1
Project("{FAE04EC0-301F-11D3-BF4B-00C04F79EFBC}") = "Spotify", "Spotify\Spotify.csproj", "{C3CCB8F3-B61F-46EF-B5DA-A771661A181A}"
EndProject
Project("{FAE04EC0-301F-11D3-BF4B-00C04F79EFBC}") = "Spotify.Tests", "Spotify.Tests\Spotify.Tests.csproj", "{7138208E-44D1-444A-8FEA-90BAAA4C5727}"
EndProject
Global
	GlobalSection(SolutionConfigurationPlatforms) = preSolution
		Debug|Any CPU = Debug|Any CPU
		Release|Any CPU = Release|Any CPU
	EndGlobalSection
	GlobalSection(ProjectConfigurationPlatforms) = postSolution
		{C3CCB8F3-B61F-46EF-B5DA-A771661A181A}.Debug|Any CPU.ActiveCfg = Debug|Any CPU
		{C3CCB8F3-B61F-46EF-B5DA-A771661A181A}.Debug|Any CPU.Build.0 = Debug|Any CPU
		{C3CCB8F3-B61F-46EF-B5DA-A771661A181A}.Release|Any CPU.ActiveCfg = Release|Any CPU
		{C3CCB8F3-B61F-46EF-B5DA-A771661A181A}.Release|Any CPU.Build.0 = Release|Any CPU
		{7138208E-44D1-444A-8FEA-90BAAA4C5727}.Debug|Any CPU.ActiveCfg = Debug|Any CPU
		{7138208E-44D1-444A-8FEA-90BAAA4C5727}.Debug|Any CPU.Build.0 = Debug|Any CPU
		{7138208E-44D1-444A-8FEA-90BAAA4C5727}.Release|Any CPU.ActiveCfg = Release|Any CPU
		{7138208E-44D1-444A-8FEA-90BAAA4C5727}.Release|Any CPU.Build.0 = Release|Any CPU
	EndGlobalSection
	GlobalSection(SolutionProperties) = preSolution
		HideSolutionNode = FALSE
	EndGlobalSection
EndGlobal
